
Microsoft Visual Studio Solution File, Format Version 12.00
# Visual Studio Version 17
VisualStudioVersion = 17.9.34616.47
MinimumVisualStudioVersion = 10.0.40219.1
Project("{9A19103F-16F7-4668-BE54-9A1E7A4F7556}") = "Stage_0", "Stage_0.csproj", "{A086F168-FC1A-490D-A8F0-08B93AC6BB88}"
EndProject
Project("{FAE04EC0-301F-11D3-BF4B-00C04F79EFBC}") = "Xunit_Stage_0", "..\Xunit_Stage_0\Xunit_Stage_0.csproj", "{AFA0D5F1-9135-4891-AB62-A26CD5CA0129}"
EndProject
Global
	GlobalSection(SolutionConfigurationPlatforms) = preSolution
		Debug|Any CPU = Debug|Any CPU
		Release|Any CPU = Release|Any CPU
	EndGlobalSection
	GlobalSection(ProjectConfigurationPlatforms) = postSolution
		{A086F168-FC1A-490D-A8F0-08B93AC6BB88}.Debug|Any CPU.ActiveCfg = Debug|Any CPU
		{A086F168-FC1A-490D-A8F0-08B93AC6BB88}.Debug|Any CPU.Build.0 = Debug|Any CPU
		{A086F168-FC1A-490D-A8F0-08B93AC6BB88}.Release|Any CPU.ActiveCfg = Release|Any CPU
		{A086F168-FC1A-490D-A8F0-08B93AC6BB88}.Release|Any CPU.Build.0 = Release|Any CPU
		{AFA0D5F1-9135-4891-AB62-A26CD5CA0129}.Debug|Any CPU.ActiveCfg = Debug|Any CPU
		{AFA0D5F1-9135-4891-AB62-A26CD5CA0129}.Debug|Any CPU.Build.0 = Debug|Any CPU
		{AFA0D5F1-9135-4891-AB62-A26CD5CA0129}.Release|Any CPU.ActiveCfg = Release|Any CPU
		{AFA0D5F1-9135-4891-AB62-A26CD5CA0129}.Release|Any CPU.Build.0 = Release|Any CPU
	EndGlobalSection
	GlobalSection(SolutionProperties) = preSolution
		HideSolutionNode = FALSE
	EndGlobalSection
	GlobalSection(ExtensibilityGlobals) = postSolution
		SolutionGuid = {E62E32E8-D257-4099-AC67-475358191B2A}
	EndGlobalSection
EndGlobal
